// !$*UTF8*$!
{
	archiveVersion = 1;
	classes = {
	};
	objectVersion = 55;
	objects = {

/* Begin PBXBuildFile section */
		3A57A734278A451E005A8D74 /* User.swift in Sources */ = {isa = PBXBuildFile; fileRef = 3A57A733278A451E005A8D74 /* User.swift */; };
		3A57A736278A5726005A8D74 /* Cell.swift in Sources */ = {isa = PBXBuildFile; fileRef = 3A57A735278A5726005A8D74 /* Cell.swift */; };
		3A6D6450278CCA04003FAB07 /* ViewControllerRegister.swift in Sources */ = {isa = PBXBuildFile; fileRef = 3A6D644F278CCA04003FAB07 /* ViewControllerRegister.swift */; };
		3A72FE33276976F800DC1895 /* AppDelegate.swift in Sources */ = {isa = PBXBuildFile; fileRef = 3A72FE32276976F800DC1895 /* AppDelegate.swift */; };
		3A72FE35276976F800DC1895 /* SceneDelegate.swift in Sources */ = {isa = PBXBuildFile; fileRef = 3A72FE34276976F800DC1895 /* SceneDelegate.swift */; };
		3A72FE37276976F800DC1895 /* ViewController.swift in Sources */ = {isa = PBXBuildFile; fileRef = 3A72FE36276976F800DC1895 /* ViewController.swift */; };
		3A72FE3A276976F800DC1895 /* Main.storyboard in Resources */ = {isa = PBXBuildFile; fileRef = 3A72FE38276976F800DC1895 /* Main.storyboard */; };
		3A72FE3C276976F900DC1895 /* Assets.xcassets in Resources */ = {isa = PBXBuildFile; fileRef = 3A72FE3B276976F900DC1895 /* Assets.xcassets */; };
		3A72FE3F276976F900DC1895 /* LaunchScreen.storyboard in Resources */ = {isa = PBXBuildFile; fileRef = 3A72FE3D276976F900DC1895 /* LaunchScreen.storyboard */; };
		3A86AC3E278A1663006B4CFF /* ViewControllerProfile.swift in Sources */ = {isa = PBXBuildFile; fileRef = 3A86AC3D278A1662006B4CFF /* ViewControllerProfile.swift */; };
		3A86AC40278A174E006B4CFF /* ViewControllerHome.swift in Sources */ = {isa = PBXBuildFile; fileRef = 3A86AC3F278A174E006B4CFF /* ViewControllerHome.swift */; };
		3A95B0D22787BEAB00414A97 /* ViewControllerDetect.swift in Sources */ = {isa = PBXBuildFile; fileRef = 3A95B0D12787BEAB00414A97 /* ViewControllerDetect.swift */; };
		3A95B0D42787C3B000414A97 /* turberaClasificador.mlmodel in Sources */ = {isa = PBXBuildFile; fileRef = 3A95B0D32787C3B000414A97 /* turberaClasificador.mlmodel */; };
		3AB25BAD278E3D5800E9A36D /* KeychainSecurity.swift in Sources */ = {isa = PBXBuildFile; fileRef = 3AB25BAC278E3D5700E9A36D /* KeychainSecurity.swift */; };
		3AB25BB0278E469700E9A36D /* KeyChainError.swift in Sources */ = {isa = PBXBuildFile; fileRef = 3AB25BAF278E469700E9A36D /* KeyChainError.swift */; };
		3AB25BB2278E612C00E9A36D /* ViewControllerLogin.swift in Sources */ = {isa = PBXBuildFile; fileRef = 3AB25BB1278E612C00E9A36D /* ViewControllerLogin.swift */; };
		3AB25BB4278E659E00E9A36D /* ViewControllerUser.swift in Sources */ = {isa = PBXBuildFile; fileRef = 3AB25BB3278E659E00E9A36D /* ViewControllerUser.swift */; };
		3AB25BB6278E686D00E9A36D /* ViewControllerSettings.swift in Sources */ = {isa = PBXBuildFile; fileRef = 3AB25BB5278E686D00E9A36D /* ViewControllerSettings.swift */; };
		3AECCEE92788EB2400B6E3D7 /* Extensions.swift in Sources */ = {isa = PBXBuildFile; fileRef = 3AECCEE82788EB2400B6E3D7 /* Extensions.swift */; };
		3AF9634A278CE9DE00348748 /* ViewControllerLocations.swift in Sources */ = {isa = PBXBuildFile; fileRef = 3AF96349278CE9DE00348748 /* ViewControllerLocations.swift */; };
		3AF9634C278CEA0700348748 /* ViewControllerLocationsList.swift in Sources */ = {isa = PBXBuildFile; fileRef = 3AF9634B278CEA0700348748 /* ViewControllerLocationsList.swift */; };
		3AF9AE2D2788F3C100FB1AAB /* ViewControllerResults.swift in Sources */ = {isa = PBXBuildFile; fileRef = 3AF9AE2C2788F3C100FB1AAB /* ViewControllerResults.swift */; };
		3AF9AE2F2788F91000FB1AAB /* ViewControllerLocationsMap.swift in Sources */ = {isa = PBXBuildFile; fileRef = 3AF9AE2E2788F91000FB1AAB /* ViewControllerLocationsMap.swift */; };
		3AF9AE312788FA9A00FB1AAB /* Location.swift in Sources */ = {isa = PBXBuildFile; fileRef = 3AF9AE302788FA9A00FB1AAB /* Location.swift */; };
/* End PBXBuildFile section */

/* Begin PBXFileReference section */
		3A57A733278A451E005A8D74 /* User.swift */ = {isa = PBXFileReference; lastKnownFileType = sourcecode.swift; path = User.swift; sourceTree = "<group>"; };
		3A57A735278A5726005A8D74 /* Cell.swift */ = {isa = PBXFileReference; lastKnownFileType = sourcecode.swift; path = Cell.swift; sourceTree = "<group>"; };
		3A6D644F278CCA04003FAB07 /* ViewControllerRegister.swift */ = {isa = PBXFileReference; lastKnownFileType = sourcecode.swift; path = ViewControllerRegister.swift; sourceTree = "<group>"; };
		3A72FE2F276976F800DC1895 /* keePeat.app */ = {isa = PBXFileReference; explicitFileType = wrapper.application; includeInIndex = 0; path = keePeat.app; sourceTree = BUILT_PRODUCTS_DIR; };
		3A72FE32276976F800DC1895 /* AppDelegate.swift */ = {isa = PBXFileReference; lastKnownFileType = sourcecode.swift; path = AppDelegate.swift; sourceTree = "<group>"; };
		3A72FE34276976F800DC1895 /* SceneDelegate.swift */ = {isa = PBXFileReference; lastKnownFileType = sourcecode.swift; path = SceneDelegate.swift; sourceTree = "<group>"; };
		3A72FE36276976F800DC1895 /* ViewController.swift */ = {isa = PBXFileReference; lastKnownFileType = sourcecode.swift; path = ViewController.swift; sourceTree = "<group>"; };
		3A72FE39276976F800DC1895 /* Base */ = {isa = PBXFileReference; lastKnownFileType = file.storyboard; name = Base; path = Base.lproj/Main.storyboard; sourceTree = "<group>"; };
		3A72FE3B276976F900DC1895 /* Assets.xcassets */ = {isa = PBXFileReference; lastKnownFileType = folder.assetcatalog; path = Assets.xcassets; sourceTree = "<group>"; };
		3A72FE3E276976F900DC1895 /* Base */ = {isa = PBXFileReference; lastKnownFileType = file.storyboard; name = Base; path = Base.lproj/LaunchScreen.storyboard; sourceTree = "<group>"; };
		3A72FE40276976F900DC1895 /* Info.plist */ = {isa = PBXFileReference; lastKnownFileType = text.plist.xml; path = Info.plist; sourceTree = "<group>"; };
		3A86AC3D278A1662006B4CFF /* ViewControllerProfile.swift */ = {isa = PBXFileReference; lastKnownFileType = sourcecode.swift; path = ViewControllerProfile.swift; sourceTree = "<group>"; };
		3A86AC3F278A174E006B4CFF /* ViewControllerHome.swift */ = {isa = PBXFileReference; lastKnownFileType = sourcecode.swift; path = ViewControllerHome.swift; sourceTree = "<group>"; };
		3A95B0D12787BEAB00414A97 /* ViewControllerDetect.swift */ = {isa = PBXFileReference; lastKnownFileType = sourcecode.swift; path = ViewControllerDetect.swift; sourceTree = "<group>"; };
		3A95B0D32787C3B000414A97 /* turberaClasificador.mlmodel */ = {isa = PBXFileReference; lastKnownFileType = file.mlmodel; path = turberaClasificador.mlmodel; sourceTree = "<group>"; };
		3AB25BAC278E3D5700E9A36D /* KeychainSecurity.swift */ = {isa = PBXFileReference; lastKnownFileType = sourcecode.swift; path = KeychainSecurity.swift; sourceTree = "<group>"; };
		3AB25BAF278E469700E9A36D /* KeyChainError.swift */ = {isa = PBXFileReference; lastKnownFileType = sourcecode.swift; path = KeyChainError.swift; sourceTree = "<group>"; };
		3AB25BB1278E612C00E9A36D /* ViewControllerLogin.swift */ = {isa = PBXFileReference; lastKnownFileType = sourcecode.swift; path = ViewControllerLogin.swift; sourceTree = "<group>"; };
		3AB25BB3278E659E00E9A36D /* ViewControllerUser.swift */ = {isa = PBXFileReference; lastKnownFileType = sourcecode.swift; path = ViewControllerUser.swift; sourceTree = "<group>"; };
		3AB25BB5278E686D00E9A36D /* ViewControllerSettings.swift */ = {isa = PBXFileReference; lastKnownFileType = sourcecode.swift; path = ViewControllerSettings.swift; sourceTree = "<group>"; };
		3AECCEE82788EB2400B6E3D7 /* Extensions.swift */ = {isa = PBXFileReference; lastKnownFileType = sourcecode.swift; path = Extensions.swift; sourceTree = "<group>"; };
		3AF96349278CE9DE00348748 /* ViewControllerLocations.swift */ = {isa = PBXFileReference; lastKnownFileType = sourcecode.swift; path = ViewControllerLocations.swift; sourceTree = "<group>"; };
		3AF9634B278CEA0700348748 /* ViewControllerLocationsList.swift */ = {isa = PBXFileReference; lastKnownFileType = sourcecode.swift; path = ViewControllerLocationsList.swift; sourceTree = "<group>"; };
		3AF9AE2C2788F3C100FB1AAB /* ViewControllerResults.swift */ = {isa = PBXFileReference; lastKnownFileType = sourcecode.swift; path = ViewControllerResults.swift; sourceTree = "<group>"; };
		3AF9AE2E2788F91000FB1AAB /* ViewControllerLocationsMap.swift */ = {isa = PBXFileReference; lastKnownFileType = sourcecode.swift; path = ViewControllerLocationsMap.swift; sourceTree = "<group>"; };
		3AF9AE302788FA9A00FB1AAB /* Location.swift */ = {isa = PBXFileReference; lastKnownFileType = sourcecode.swift; path = Location.swift; sourceTree = "<group>"; };
/* End PBXFileReference section */

/* Begin PBXFrameworksBuildPhase section */
		3A72FE2C276976F800DC1895 /* Frameworks */ = {
			isa = PBXFrameworksBuildPhase;
			buildActionMask = 2147483647;
			files = (
			);
			runOnlyForDeploymentPostprocessing = 0;
		};
/* End PBXFrameworksBuildPhase section */

/* Begin PBXGroup section */
		3A50CF6D2790AF9200D31AC4 /* viewControllers */ = {
			isa = PBXGroup;
			children = (
				3A72FE36276976F800DC1895 /* ViewController.swift */,
				3AB25BB5278E686D00E9A36D /* ViewControllerSettings.swift */,
				3AB25BB3278E659E00E9A36D /* ViewControllerUser.swift */,
				3AF9634B278CEA0700348748 /* ViewControllerLocationsList.swift */,
				3AF96349278CE9DE00348748 /* ViewControllerLocations.swift */,
				3A86AC3F278A174E006B4CFF /* ViewControllerHome.swift */,
				3A6D644F278CCA04003FAB07 /* ViewControllerRegister.swift */,
				3A86AC3D278A1662006B4CFF /* ViewControllerProfile.swift */,
				3AB25BB1278E612C00E9A36D /* ViewControllerLogin.swift */,
				3AF9AE2E2788F91000FB1AAB /* ViewControllerLocationsMap.swift */,
				3AF9AE2C2788F3C100FB1AAB /* ViewControllerResults.swift */,
				3A95B0D12787BEAB00414A97 /* ViewControllerDetect.swift */,
			);
			path = viewControllers;
			sourceTree = "<group>";
		};
		3A57A732278A4509005A8D74 /* classes */ = {
			isa = PBXGroup;
			children = (
				3AF9AE302788FA9A00FB1AAB /* Location.swift */,
				3A57A733278A451E005A8D74 /* User.swift */,
				3A57A735278A5726005A8D74 /* Cell.swift */,
			);
			path = classes;
			sourceTree = "<group>";
		};
		3A72FE26276976F800DC1895 = {
			isa = PBXGroup;
			children = (
				3A72FE31276976F800DC1895 /* keePeat */,
				3A72FE30276976F800DC1895 /* Products */,
			);
			sourceTree = "<group>";
		};
		3A72FE30276976F800DC1895 /* Products */ = {
			isa = PBXGroup;
			children = (
				3A72FE2F276976F800DC1895 /* keePeat.app */,
			);
			name = Products;
			sourceTree = "<group>";
		};
		3A72FE31276976F800DC1895 /* keePeat */ = {
			isa = PBXGroup;
			children = (
				3A50CF6D2790AF9200D31AC4 /* viewControllers */,
				3AB25BAE278E3D6000E9A36D /* utilities */,
				3A57A732278A4509005A8D74 /* classes */,
				3A72FE32276976F800DC1895 /* AppDelegate.swift */,
				3A72FE34276976F800DC1895 /* SceneDelegate.swift */,
				3A72FE38276976F800DC1895 /* Main.storyboard */,
				3A72FE3B276976F900DC1895 /* Assets.xcassets */,
				3A72FE3D276976F900DC1895 /* LaunchScreen.storyboard */,
				3A72FE40276976F900DC1895 /* Info.plist */,
				3A95B0D32787C3B000414A97 /* turberaClasificador.mlmodel */,
			);
			path = keePeat;
			sourceTree = "<group>";
		};
		3AB25BAE278E3D6000E9A36D /* utilities */ = {
			isa = PBXGroup;
			children = (
				3AB25BAC278E3D5700E9A36D /* KeychainSecurity.swift */,
				3AB25BAF278E469700E9A36D /* KeyChainError.swift */,
				3AECCEE82788EB2400B6E3D7 /* Extensions.swift */,
			);
			path = utilities;
			sourceTree = "<group>";
		};
/* End PBXGroup section */

/* Begin PBXNativeTarget section */
		3A72FE2E276976F800DC1895 /* keePeat */ = {
			isa = PBXNativeTarget;
			buildConfigurationList = 3A72FE43276976F900DC1895 /* Build configuration list for PBXNativeTarget "keePeat" */;
			buildPhases = (
				3A72FE2B276976F800DC1895 /* Sources */,
				3A72FE2C276976F800DC1895 /* Frameworks */,
				3A72FE2D276976F800DC1895 /* Resources */,
			);
			buildRules = (
			);
			dependencies = (
			);
			name = keePeat;
			productName = keePeat;
			productReference = 3A72FE2F276976F800DC1895 /* keePeat.app */;
			productType = "com.apple.product-type.application";
		};
/* End PBXNativeTarget section */

/* Begin PBXProject section */
		3A72FE27276976F800DC1895 /* Project object */ = {
			isa = PBXProject;
			attributes = {
				BuildIndependentTargetsInParallel = 1;
				LastSwiftUpdateCheck = 1310;
				LastUpgradeCheck = 1310;
				TargetAttributes = {
					3A72FE2E276976F800DC1895 = {
						CreatedOnToolsVersion = 13.1;
					};
				};
			};
			buildConfigurationList = 3A72FE2A276976F800DC1895 /* Build configuration list for PBXProject "keePeat" */;
			compatibilityVersion = "Xcode 13.0";
			developmentRegion = en;
			hasScannedForEncodings = 0;
			knownRegions = (
				en,
				Base,
			);
			mainGroup = 3A72FE26276976F800DC1895;
			productRefGroup = 3A72FE30276976F800DC1895 /* Products */;
			projectDirPath = "";
			projectRoot = "";
			targets = (
				3A72FE2E276976F800DC1895 /* keePeat */,
			);
		};
/* End PBXProject section */

/* Begin PBXResourcesBuildPhase section */
		3A72FE2D276976F800DC1895 /* Resources */ = {
			isa = PBXResourcesBuildPhase;
			buildActionMask = 2147483647;
			files = (
				3A72FE3F276976F900DC1895 /* LaunchScreen.storyboard in Resources */,
				3A72FE3C276976F900DC1895 /* Assets.xcassets in Resources */,
				3A72FE3A276976F800DC1895 /* Main.storyboard in Resources */,
			);
			runOnlyForDeploymentPostprocessing = 0;
		};
/* End PBXResourcesBuildPhase section */

/* Begin PBXSourcesBuildPhase section */
		3A72FE2B276976F800DC1895 /* Sources */ = {
			isa = PBXSourcesBuildPhase;
			buildActionMask = 2147483647;
			files = (
				3AB25BB2278E612C00E9A36D /* ViewControllerLogin.swift in Sources */,
				3A6D6450278CCA04003FAB07 /* ViewControllerRegister.swift in Sources */,
				3A57A734278A451E005A8D74 /* User.swift in Sources */,
				3A72FE37276976F800DC1895 /* ViewController.swift in Sources */,
				3AB25BAD278E3D5800E9A36D /* KeychainSecurity.swift in Sources */,
				3AF9634A278CE9DE00348748 /* ViewControllerLocations.swift in Sources */,
				3AECCEE92788EB2400B6E3D7 /* Extensions.swift in Sources */,
				3A95B0D22787BEAB00414A97 /* ViewControllerDetect.swift in Sources */,
				3A95B0D42787C3B000414A97 /* turberaClasificador.mlmodel in Sources */,
				3A86AC3E278A1663006B4CFF /* ViewControllerProfile.swift in Sources */,
				3AF9AE312788FA9A00FB1AAB /* Location.swift in Sources */,
				3AB25BB0278E469700E9A36D /* KeyChainError.swift in Sources */,
				3AB25BB4278E659E00E9A36D /* ViewControllerUser.swift in Sources */,
				3A86AC40278A174E006B4CFF /* ViewControllerHome.swift in Sources */,
				3A57A736278A5726005A8D74 /* Cell.swift in Sources */,
				3A72FE33276976F800DC1895 /* AppDelegate.swift in Sources */,
				3A72FE35276976F800DC1895 /* SceneDelegate.swift in Sources */,
				3AF9AE2D2788F3C100FB1AAB /* ViewControllerResults.swift in Sources */,
				3AB25BB6278E686D00E9A36D /* ViewControllerSettings.swift in Sources */,
				3AF9AE2F2788F91000FB1AAB /* ViewControllerLocationsMap.swift in Sources */,
				3AF9634C278CEA0700348748 /* ViewControllerLocationsList.swift in Sources */,
			);
			runOnlyForDeploymentPostprocessing = 0;
		};
/* End PBXSourcesBuildPhase section */

/* Begin PBXVariantGroup section */
		3A72FE38276976F800DC1895 /* Main.storyboard */ = {
			isa = PBXVariantGroup;
			children = (
				3A72FE39276976F800DC1895 /* Base */,
			);
			name = Main.storyboard;
			sourceTree = "<group>";
		};
		3A72FE3D276976F900DC1895 /* LaunchScreen.storyboard */ = {
			isa = PBXVariantGroup;
			children = (
				3A72FE3E276976F900DC1895 /* Base */,
			);
			name = LaunchScreen.storyboard;
			sourceTree = "<group>";
		};
/* End PBXVariantGroup section */

/* Begin XCBuildConfiguration section */
		3A72FE41276976F900DC1895 /* Debug */ = {
			isa = XCBuildConfiguration;
			buildSettings = {
				ALWAYS_SEARCH_USER_PATHS = NO;
				CLANG_ANALYZER_NONNULL = YES;
				CLANG_ANALYZER_NUMBER_OBJECT_CONVERSION = YES_AGGRESSIVE;
				CLANG_CXX_LANGUAGE_STANDARD = "gnu++17";
				CLANG_CXX_LIBRARY = "libc++";
				CLANG_ENABLE_MODULES = YES;
				CLANG_ENABLE_OBJC_ARC = YES;
				CLANG_ENABLE_OBJC_WEAK = YES;
				CLANG_WARN_BLOCK_CAPTURE_AUTORELEASING = YES;
				CLANG_WARN_BOOL_CONVERSION = YES;
				CLANG_WARN_COMMA = YES;
				CLANG_WARN_CONSTANT_CONVERSION = YES;
				CLANG_WARN_DEPRECATED_OBJC_IMPLEMENTATIONS = YES;
				CLANG_WARN_DIRECT_OBJC_ISA_USAGE = YES_ERROR;
				CLANG_WARN_DOCUMENTATION_COMMENTS = YES;
				CLANG_WARN_EMPTY_BODY = YES;
				CLANG_WARN_ENUM_CONVERSION = YES;
				CLANG_WARN_INFINITE_RECURSION = YES;
				CLANG_WARN_INT_CONVERSION = YES;
				CLANG_WARN_NON_LITERAL_NULL_CONVERSION = YES;
				CLANG_WARN_OBJC_IMPLICIT_RETAIN_SELF = YES;
				CLANG_WARN_OBJC_LITERAL_CONVERSION = YES;
				CLANG_WARN_OBJC_ROOT_CLASS = YES_ERROR;
				CLANG_WARN_QUOTED_INCLUDE_IN_FRAMEWORK_HEADER = YES;
				CLANG_WARN_RANGE_LOOP_ANALYSIS = YES;
				CLANG_WARN_STRICT_PROTOTYPES = YES;
				CLANG_WARN_SUSPICIOUS_MOVE = YES;
				CLANG_WARN_UNGUARDED_AVAILABILITY = YES_AGGRESSIVE;
				CLANG_WARN_UNREACHABLE_CODE = YES;
				CLANG_WARN__DUPLICATE_METHOD_MATCH = YES;
				COPY_PHASE_STRIP = NO;
				DEBUG_INFORMATION_FORMAT = dwarf;
				ENABLE_STRICT_OBJC_MSGSEND = YES;
				ENABLE_TESTABILITY = YES;
				GCC_C_LANGUAGE_STANDARD = gnu11;
				GCC_DYNAMIC_NO_PIC = NO;
				GCC_NO_COMMON_BLOCKS = YES;
				GCC_OPTIMIZATION_LEVEL = 0;
				GCC_PREPROCESSOR_DEFINITIONS = (
					"DEBUG=1",
					"$(inherited)",
				);
				GCC_WARN_64_TO_32_BIT_CONVERSION = YES;
				GCC_WARN_ABOUT_RETURN_TYPE = YES_ERROR;
				GCC_WARN_UNDECLARED_SELECTOR = YES;
				GCC_WARN_UNINITIALIZED_AUTOS = YES_AGGRESSIVE;
				GCC_WARN_UNUSED_FUNCTION = YES;
				GCC_WARN_UNUSED_VARIABLE = YES;
				IPHONEOS_DEPLOYMENT_TARGET = 15.0;
				MTL_ENABLE_DEBUG_INFO = INCLUDE_SOURCE;
				MTL_FAST_MATH = YES;
				ONLY_ACTIVE_ARCH = YES;
				SDKROOT = iphoneos;
				SWIFT_ACTIVE_COMPILATION_CONDITIONS = DEBUG;
				SWIFT_OPTIMIZATION_LEVEL = "-Onone";
			};
			name = Debug;
		};
		3A72FE42276976F900DC1895 /* Release */ = {
			isa = XCBuildConfiguration;
			buildSettings = {
				ALWAYS_SEARCH_USER_PATHS = NO;
				CLANG_ANALYZER_NONNULL = YES;
				CLANG_ANALYZER_NUMBER_OBJECT_CONVERSION = YES_AGGRESSIVE;
				CLANG_CXX_LANGUAGE_STANDARD = "gnu++17";
				CLANG_CXX_LIBRARY = "libc++";
				CLANG_ENABLE_MODULES = YES;
				CLANG_ENABLE_OBJC_ARC = YES;
				CLANG_ENABLE_OBJC_WEAK = YES;
				CLANG_WARN_BLOCK_CAPTURE_AUTORELEASING = YES;
				CLANG_WARN_BOOL_CONVERSION = YES;
				CLANG_WARN_COMMA = YES;
				CLANG_WARN_CONSTANT_CONVERSION = YES;
				CLANG_WARN_DEPRECATED_OBJC_IMPLEMENTATIONS = YES;
				CLANG_WARN_DIRECT_OBJC_ISA_USAGE = YES_ERROR;
				CLANG_WARN_DOCUMENTATION_COMMENTS = YES;
				CLANG_WARN_EMPTY_BODY = YES;
				CLANG_WARN_ENUM_CONVERSION = YES;
				CLANG_WARN_INFINITE_RECURSION = YES;
				CLANG_WARN_INT_CONVERSION = YES;
				CLANG_WARN_NON_LITERAL_NULL_CONVERSION = YES;
				CLANG_WARN_OBJC_IMPLICIT_RETAIN_SELF = YES;
				CLANG_WARN_OBJC_LITERAL_CONVERSION = YES;
				CLANG_WARN_OBJC_ROOT_CLASS = YES_ERROR;
				CLANG_WARN_QUOTED_INCLUDE_IN_FRAMEWORK_HEADER = YES;
				CLANG_WARN_RANGE_LOOP_ANALYSIS = YES;
				CLANG_WARN_STRICT_PROTOTYPES = YES;
				CLANG_WARN_SUSPICIOUS_MOVE = YES;
				CLANG_WARN_UNGUARDED_AVAILABILITY = YES_AGGRESSIVE;
				CLANG_WARN_UNREACHABLE_CODE = YES;
				CLANG_WARN__DUPLICATE_METHOD_MATCH = YES;
				COPY_PHASE_STRIP = NO;
				DEBUG_INFORMATION_FORMAT = "dwarf-with-dsym";
				ENABLE_NS_ASSERTIONS = NO;
				ENABLE_STRICT_OBJC_MSGSEND = YES;
				GCC_C_LANGUAGE_STANDARD = gnu11;
				GCC_NO_COMMON_BLOCKS = YES;
				GCC_WARN_64_TO_32_BIT_CONVERSION = YES;
				GCC_WARN_ABOUT_RETURN_TYPE = YES_ERROR;
				GCC_WARN_UNDECLARED_SELECTOR = YES;
				GCC_WARN_UNINITIALIZED_AUTOS = YES_AGGRESSIVE;
				GCC_WARN_UNUSED_FUNCTION = YES;
				GCC_WARN_UNUSED_VARIABLE = YES;
				IPHONEOS_DEPLOYMENT_TARGET = 15.0;
				MTL_ENABLE_DEBUG_INFO = NO;
				MTL_FAST_MATH = YES;
				SDKROOT = iphoneos;
				SWIFT_COMPILATION_MODE = wholemodule;
				SWIFT_OPTIMIZATION_LEVEL = "-O";
				VALIDATE_PRODUCT = YES;
			};
			name = Release;
		};
		3A72FE44276976F900DC1895 /* Debug */ = {
			isa = XCBuildConfiguration;
			buildSettings = {
				ASSETCATALOG_COMPILER_APPICON_NAME = AppIcon;
				ASSETCATALOG_COMPILER_GLOBAL_ACCENT_COLOR_NAME = AccentColor;
				CODE_SIGN_STYLE = Automatic;
				CURRENT_PROJECT_VERSION = 1;
				DEVELOPMENT_TEAM = T24NMVM467;
				GENERATE_INFOPLIST_FILE = YES;
				INFOPLIST_FILE = keePeat/Info.plist;
				INFOPLIST_KEY_UIApplicationSupportsIndirectInputEvents = YES;
				INFOPLIST_KEY_UILaunchStoryboardName = LaunchScreen;
				INFOPLIST_KEY_UIMainStoryboardFile = Main;
				INFOPLIST_KEY_UISupportedInterfaceOrientations_iPad = "UIInterfaceOrientationPortrait UIInterfaceOrientationPortraitUpsideDown UIInterfaceOrientationLandscapeLeft UIInterfaceOrientationLandscapeRight";
				INFOPLIST_KEY_UISupportedInterfaceOrientations_iPhone = "UIInterfaceOrientationPortrait UIInterfaceOrientationLandscapeLeft UIInterfaceOrientationLandscapeRight";
				LD_RUNPATH_SEARCH_PATHS = (
					"$(inherited)",
					"@executable_path/Frameworks",
				);
				MARKETING_VERSION = 1.0;
				PRODUCT_BUNDLE_IDENTIFIER = "Mac-de-Irene.keePeat";
				PRODUCT_NAME = "$(TARGET_NAME)";
				SWIFT_EMIT_LOC_STRINGS = YES;
				SWIFT_VERSION = 5.0;
				TARGETED_DEVICE_FAMILY = 1;
			};
			name = Debug;
		};
		3A72FE45276976F900DC1895 /* Release */ = {
			isa = XCBuildConfiguration;
			buildSettings = {
				ASSETCATALOG_COMPILER_APPICON_NAME = AppIcon;
				ASSETCATALOG_COMPILER_GLOBAL_ACCENT_COLOR_NAME = AccentColor;
				CODE_SIGN_STYLE = Automatic;
				CURRENT_PROJECT_VERSION = 1;
				DEVELOPMENT_TEAM = T24NMVM467;
				GENERATE_INFOPLIST_FILE = YES;
				INFOPLIST_FILE = keePeat/Info.plist;
				INFOPLIST_KEY_UIApplicationSupportsIndirectInputEvents = YES;
				INFOPLIST_KEY_UILaunchStoryboardName = LaunchScreen;
				INFOPLIST_KEY_UIMainStoryboardFile = Main;
				INFOPLIST_KEY_UISupportedInterfaceOrientations_iPad = "UIInterfaceOrientationPortrait UIInterfaceOrientationPortraitUpsideDown UIInterfaceOrientationLandscapeLeft UIInterfaceOrientationLandscapeRight";
				INFOPLIST_KEY_UISupportedInterfaceOrientations_iPhone = "UIInterfaceOrientationPortrait UIInterfaceOrientationLandscapeLeft UIInterfaceOrientationLandscapeRight";
				LD_RUNPATH_SEARCH_PATHS = (
					"$(inherited)",
					"@executable_path/Frameworks",
				);
				MARKETING_VERSION = 1.0;
				PRODUCT_BUNDLE_IDENTIFIER = "Mac-de-Irene.keePeat";
				PRODUCT_NAME = "$(TARGET_NAME)";
				SWIFT_EMIT_LOC_STRINGS = YES;
				SWIFT_VERSION = 5.0;
				TARGETED_DEVICE_FAMILY = 1;
			};
			name = Release;
		};
/* End XCBuildConfiguration section */

/* Begin XCConfigurationList section */
		3A72FE2A276976F800DC1895 /* Build configuration list for PBXProject "keePeat" */ = {
			isa = XCConfigurationList;
			buildConfigurations = (
				3A72FE41276976F900DC1895 /* Debug */,
				3A72FE42276976F900DC1895 /* Release */,
			);
			defaultConfigurationIsVisible = 0;
			defaultConfigurationName = Release;
		};
		3A72FE43276976F900DC1895 /* Build configuration list for PBXNativeTarget "keePeat" */ = {
			isa = XCConfigurationList;
			buildConfigurations = (
				3A72FE44276976F900DC1895 /* Debug */,
				3A72FE45276976F900DC1895 /* Release */,
			);
			defaultConfigurationIsVisible = 0;
			defaultConfigurationName = Release;
		};
/* End XCConfigurationList section */
	};
	rootObject = 3A72FE27276976F800DC1895 /* Project object */;
}
